
Microsoft Visual Studio Solution File, Format Version 12.00
# Visual Studio Version 17
VisualStudioVersion = 17.0.31903.59
MinimumVisualStudioVersion = 10.0.40219.1
Project("{FAE04EC0-301F-11D3-BF4B-00C04F79EFBC}") = "InventoryManagement", "InventoryManagement\InventoryManagement.csproj", "{C5A000F8-F9AB-43DE-9A0E-552545FC7707}"
EndProject
Project("{FAE04EC0-301F-11D3-BF4B-00C04F79EFBC}") = "InventoryManagement.Entities", "InventoryManagement.Entities\InventoryManagement.Entities.csproj", "{7FC6A658-B79C-4C85-9E9F-01A3BDC2E115}"
EndProject
Project("{FAE04EC0-301F-11D3-BF4B-00C04F79EFBC}") = "InventoryManagement.Repository", "InventoryManagement.Repository\InventoryManagement.Repository.csproj", "{95F465FC-3139-4228-8065-B2228E7C89CC}"
EndProject
Global
	GlobalSection(SolutionConfigurationPlatforms) = preSolution
		Debug|Any CPU = Debug|Any CPU
		Release|Any CPU = Release|Any CPU
	EndGlobalSection
	GlobalSection(ProjectConfigurationPlatforms) = postSolution
		{C5A000F8-F9AB-43DE-9A0E-552545FC7707}.Debug|Any CPU.ActiveCfg = Debug|Any CPU
		{C5A000F8-F9AB-43DE-9A0E-552545FC7707}.Debug|Any CPU.Build.0 = Debug|Any CPU
		{C5A000F8-F9AB-43DE-9A0E-552545FC7707}.Release|Any CPU.ActiveCfg = Release|Any CPU
		{C5A000F8-F9AB-43DE-9A0E-552545FC7707}.Release|Any CPU.Build.0 = Release|Any CPU
		{7FC6A658-B79C-4C85-9E9F-01A3BDC2E115}.Debug|Any CPU.ActiveCfg = Debug|Any CPU
		{7FC6A658-B79C-4C85-9E9F-01A3BDC2E115}.Debug|Any CPU.Build.0 = Debug|Any CPU
		{7FC6A658-B79C-4C85-9E9F-01A3BDC2E115}.Release|Any CPU.ActiveCfg = Release|Any CPU
		{7FC6A658-B79C-4C85-9E9F-01A3BDC2E115}.Release|Any CPU.Build.0 = Release|Any CPU
		{95F465FC-3139-4228-8065-B2228E7C89CC}.Debug|Any CPU.ActiveCfg = Debug|Any CPU
		{95F465FC-3139-4228-8065-B2228E7C89CC}.Debug|Any CPU.Build.0 = Debug|Any CPU
		{95F465FC-3139-4228-8065-B2228E7C89CC}.Release|Any CPU.ActiveCfg = Release|Any CPU
		{95F465FC-3139-4228-8065-B2228E7C89CC}.Release|Any CPU.Build.0 = Release|Any CPU
	EndGlobalSection
	GlobalSection(SolutionProperties) = preSolution
		HideSolutionNode = FALSE
	EndGlobalSection
	GlobalSection(ExtensibilityGlobals) = postSolution
		SolutionGuid = {F572C927-F266-4989-B8D4-5DE7A13B26AB}
	EndGlobalSection
EndGlobal
